
Microsoft Visual Studio Solution File, Format Version 12.00
# Visual Studio Version 17
VisualStudioVersion = 17.13.35913.81 d17.13
MinimumVisualStudioVersion = 10.0.40219.1
Project("{888888A0-9F3D-457C-B088-3A5042F75D52}") = "takeoff_tree", "takeoff_tree\takeoff_tree.pyproj", "{1AEBBFB3-9EF8-46F3-9D61-063D4C453A41}"
EndProject
Global
	GlobalSection(SolutionConfigurationPlatforms) = preSolution
		Debug|Any CPU = Debug|Any CPU
		Release|Any CPU = Release|Any CPU
	EndGlobalSection
	GlobalSection(ProjectConfigurationPlatforms) = postSolution
		{1AEBBFB3-9EF8-46F3-9D61-063D4C453A41}.Debug|Any CPU.ActiveCfg = Debug|Any CPU
		{1AEBBFB3-9EF8-46F3-9D61-063D4C453A41}.Release|Any CPU.ActiveCfg = Release|Any CPU
	EndGlobalSection
	GlobalSection(SolutionProperties) = preSolution
		HideSolutionNode = FALSE
	EndGlobalSection
	GlobalSection(ExtensibilityGlobals) = postSolution
		SolutionGuid = {74849F2D-0B96-4EF1-899F-63FB3228020A}
	EndGlobalSection
EndGlobal
